
Microsoft Visual Studio Solution File, Format Version 12.00
# Visual Studio Version 16
VisualStudioVersion = 16.0.29905.134
MinimumVisualStudioVersion = 10.0.40219.1
Project("{8BC9CEB8-8B4A-11D0-8D11-00A0C91BC942}") = "scryptttt", "scryptttt\scryptttt.vcxproj", "{D96AEE5E-7A83-42DC-97B2-EC0AD15E5429}"
EndProject
Global
	GlobalSection(SolutionConfigurationPlatforms) = preSolution
		Debug|x64 = Debug|x64
		Debug|x86 = Debug|x86
		Release|x64 = Release|x64
		Release|x86 = Release|x86
	EndGlobalSection
	GlobalSection(ProjectConfigurationPlatforms) = postSolution
		{D96AEE5E-7A83-42DC-97B2-EC0AD15E5429}.Debug|x64.ActiveCfg = Debug|x64
		{D96AEE5E-7A83-42DC-97B2-EC0AD15E5429}.Debug|x64.Build.0 = Debug|x64
		{D96AEE5E-7A83-42DC-97B2-EC0AD15E5429}.Debug|x86.ActiveCfg = Debug|Win32
		{D96AEE5E-7A83-42DC-97B2-EC0AD15E5429}.Debug|x86.Build.0 = Debug|Win32
		{D96AEE5E-7A83-42DC-97B2-EC0AD15E5429}.Release|x64.ActiveCfg = Release|x64
		{D96AEE5E-7A83-42DC-97B2-EC0AD15E5429}.Release|x64.Build.0 = Release|x64
		{D96AEE5E-7A83-42DC-97B2-EC0AD15E5429}.Release|x86.ActiveCfg = Release|Win32
		{D96AEE5E-7A83-42DC-97B2-EC0AD15E5429}.Release|x86.Build.0 = Release|Win32
	EndGlobalSection
	GlobalSection(SolutionProperties) = preSolution
		HideSolutionNode = FALSE
	EndGlobalSection
	GlobalSection(ExtensibilityGlobals) = postSolution
		SolutionGuid = {AB1D1425-B9A4-4EAE-963F-E07D4E243CAE}
	EndGlobalSection
EndGlobal
